
Microsoft Visual Studio Solution File, Format Version 12.00
# Visual Studio Version 17
VisualStudioVersion = 17.4.33122.133
MinimumVisualStudioVersion = 10.0.40219.1
Project("{FAE04EC0-301F-11D3-BF4B-00C04F79EFBC}") = "Supraincarcarea functiilor", "Supraincarcarea functiilor\Supraincarcarea functiilor.csproj", "{57F5CA63-556F-4A47-A622-0385B8926379}"
EndProject
Global
	GlobalSection(SolutionConfigurationPlatforms) = preSolution
		Debug|Any CPU = Debug|Any CPU
		Release|Any CPU = Release|Any CPU
	EndGlobalSection
	GlobalSection(ProjectConfigurationPlatforms) = postSolution
		{57F5CA63-556F-4A47-A622-0385B8926379}.Debug|Any CPU.ActiveCfg = Debug|Any CPU
		{57F5CA63-556F-4A47-A622-0385B8926379}.Debug|Any CPU.Build.0 = Debug|Any CPU
		{57F5CA63-556F-4A47-A622-0385B8926379}.Release|Any CPU.ActiveCfg = Release|Any CPU
		{57F5CA63-556F-4A47-A622-0385B8926379}.Release|Any CPU.Build.0 = Release|Any CPU
	EndGlobalSection
	GlobalSection(SolutionProperties) = preSolution
		HideSolutionNode = FALSE
	EndGlobalSection
	GlobalSection(ExtensibilityGlobals) = postSolution
		SolutionGuid = {ABCE012E-E179-491F-AB31-512EF60CBA55}
	EndGlobalSection
EndGlobal
