
Microsoft Visual Studio Solution File, Format Version 12.00
# Visual Studio Version 17
VisualStudioVersion = 17.4.33122.133
MinimumVisualStudioVersion = 10.0.40219.1
Project("{FAE04EC0-301F-11D3-BF4B-00C04F79EFBC}") = "System Authentication", "System Authentication.csproj", "{6F4313EB-B38E-409A-8ADE-39F50CA33CDB}"
EndProject
Global
	GlobalSection(SolutionConfigurationPlatforms) = preSolution
		Debug|Any CPU = Debug|Any CPU
		Release|Any CPU = Release|Any CPU
	EndGlobalSection
	GlobalSection(ProjectConfigurationPlatforms) = postSolution
		{6F4313EB-B38E-409A-8ADE-39F50CA33CDB}.Debug|Any CPU.ActiveCfg = Debug|Any CPU
		{6F4313EB-B38E-409A-8ADE-39F50CA33CDB}.Debug|Any CPU.Build.0 = Debug|Any CPU
		{6F4313EB-B38E-409A-8ADE-39F50CA33CDB}.Release|Any CPU.ActiveCfg = Release|Any CPU
		{6F4313EB-B38E-409A-8ADE-39F50CA33CDB}.Release|Any CPU.Build.0 = Release|Any CPU
	EndGlobalSection
	GlobalSection(SolutionProperties) = preSolution
		HideSolutionNode = FALSE
	EndGlobalSection
	GlobalSection(ExtensibilityGlobals) = postSolution
		SolutionGuid = {8C9FD05C-335B-4C24-AFB1-8C009C26D717}
	EndGlobalSection
EndGlobal
