
Microsoft Visual Studio Solution File, Format Version 12.00
# Visual Studio Version 17
VisualStudioVersion = 17.4.33122.133
MinimumVisualStudioVersion = 10.0.40219.1
Project("{FAE04EC0-301F-11D3-BF4B-00C04F79EFBC}") = "API in CSharp Part 2", "API in CSharp Part 2.csproj", "{356BD596-AF6D-4D1E-AD4F-3AB122122FBB}"
EndProject
Global
	GlobalSection(SolutionConfigurationPlatforms) = preSolution
		Debug|Any CPU = Debug|Any CPU
		Release|Any CPU = Release|Any CPU
	EndGlobalSection
	GlobalSection(ProjectConfigurationPlatforms) = postSolution
		{356BD596-AF6D-4D1E-AD4F-3AB122122FBB}.Debug|Any CPU.ActiveCfg = Debug|Any CPU
		{356BD596-AF6D-4D1E-AD4F-3AB122122FBB}.Debug|Any CPU.Build.0 = Debug|Any CPU
		{356BD596-AF6D-4D1E-AD4F-3AB122122FBB}.Release|Any CPU.ActiveCfg = Release|Any CPU
		{356BD596-AF6D-4D1E-AD4F-3AB122122FBB}.Release|Any CPU.Build.0 = Release|Any CPU
	EndGlobalSection
	GlobalSection(SolutionProperties) = preSolution
		HideSolutionNode = FALSE
	EndGlobalSection
	GlobalSection(ExtensibilityGlobals) = postSolution
		SolutionGuid = {420CBFAD-45FE-45AA-A6A2-AACC8F83CBFD}
	EndGlobalSection
EndGlobal
