
Microsoft Visual Studio Solution File, Format Version 12.00
# Visual Studio Version 17
VisualStudioVersion = 17.4.33122.133
MinimumVisualStudioVersion = 10.0.40219.1
Project("{FAE04EC0-301F-11D3-BF4B-00C04F79EFBC}") = "Car Market", "Car Market.csproj", "{22B0FA86-C015-4D5D-B96B-48709EEBC16E}"
EndProject
Global
	GlobalSection(SolutionConfigurationPlatforms) = preSolution
		Debug|Any CPU = Debug|Any CPU
		Release|Any CPU = Release|Any CPU
	EndGlobalSection
	GlobalSection(ProjectConfigurationPlatforms) = postSolution
		{22B0FA86-C015-4D5D-B96B-48709EEBC16E}.Debug|Any CPU.ActiveCfg = Debug|Any CPU
		{22B0FA86-C015-4D5D-B96B-48709EEBC16E}.Debug|Any CPU.Build.0 = Debug|Any CPU
		{22B0FA86-C015-4D5D-B96B-48709EEBC16E}.Release|Any CPU.ActiveCfg = Release|Any CPU
		{22B0FA86-C015-4D5D-B96B-48709EEBC16E}.Release|Any CPU.Build.0 = Release|Any CPU
	EndGlobalSection
	GlobalSection(SolutionProperties) = preSolution
		HideSolutionNode = FALSE
	EndGlobalSection
	GlobalSection(ExtensibilityGlobals) = postSolution
		SolutionGuid = {F3A745FC-594B-4EE8-8B6C-3D339EB86E18}
	EndGlobalSection
EndGlobal
